
Microsoft Visual Studio Solution File, Format Version 12.00
# Visual Studio 15
VisualStudioVersion = 15.0.27703.2035
MinimumVisualStudioVersion = 10.0.40219.1
Project("{FAE04EC0-301F-11D3-BF4B-00C04F79EFBC}") = "WpfSqlConnectDialog", "WpfSqlConnectDialog\WpfSqlConnectDialog.csproj", "{CEA1BA70-B879-4F4F-B942-4A6EB935A239}"
EndProject
Global
	GlobalSection(SolutionConfigurationPlatforms) = preSolution
		Debug|Any CPU = Debug|Any CPU
		Release|Any CPU = Release|Any CPU
	EndGlobalSection
	GlobalSection(ProjectConfigurationPlatforms) = postSolution
		{CEA1BA70-B879-4F4F-B942-4A6EB935A239}.Debug|Any CPU.ActiveCfg = Debug|Any CPU
		{CEA1BA70-B879-4F4F-B942-4A6EB935A239}.Debug|Any CPU.Build.0 = Debug|Any CPU
		{CEA1BA70-B879-4F4F-B942-4A6EB935A239}.Release|Any CPU.ActiveCfg = Release|Any CPU
		{CEA1BA70-B879-4F4F-B942-4A6EB935A239}.Release|Any CPU.Build.0 = Release|Any CPU
	EndGlobalSection
	GlobalSection(SolutionProperties) = preSolution
		HideSolutionNode = FALSE
	EndGlobalSection
	GlobalSection(ExtensibilityGlobals) = postSolution
		SolutionGuid = {6156C984-9A22-429B-933F-202C768A78B9}
	EndGlobalSection
EndGlobal
